
Microsoft Visual Studio Solution File, Format Version 12.00
# Visual Studio Version 17
VisualStudioVersion = 17.8.34525.116
MinimumVisualStudioVersion = 10.0.40219.1
Project("{9A19103F-16F7-4668-BE54-9A1E7A4F7556}") = "TradeServices", "TradeServices\TradeServices.csproj", "{88B4642B-2631-4DBD-ABDC-E8D6F8083EBB}"
EndProject
Project("{9A19103F-16F7-4668-BE54-9A1E7A4F7556}") = "ProductClientApp", "ProductClientApp\ProductClientApp.csproj", "{ED78FBAF-B68C-4650-BBD0-4496EABEDDD7}"
EndProject
Project("{FAE04EC0-301F-11D3-BF4B-00C04F79EFBC}") = "TradeSOAPService", "TradeSOAPService\TradeSOAPService.csproj", "{202222FB-33C1-4849-A064-16CB9014F890}"
EndProject
Global
	GlobalSection(SolutionConfigurationPlatforms) = preSolution
		Debug|Any CPU = Debug|Any CPU
		Release|Any CPU = Release|Any CPU
	EndGlobalSection
	GlobalSection(ProjectConfigurationPlatforms) = postSolution
		{88B4642B-2631-4DBD-ABDC-E8D6F8083EBB}.Debug|Any CPU.ActiveCfg = Debug|Any CPU
		{88B4642B-2631-4DBD-ABDC-E8D6F8083EBB}.Debug|Any CPU.Build.0 = Debug|Any CPU
		{88B4642B-2631-4DBD-ABDC-E8D6F8083EBB}.Release|Any CPU.ActiveCfg = Release|Any CPU
		{88B4642B-2631-4DBD-ABDC-E8D6F8083EBB}.Release|Any CPU.Build.0 = Release|Any CPU
		{ED78FBAF-B68C-4650-BBD0-4496EABEDDD7}.Debug|Any CPU.ActiveCfg = Debug|Any CPU
		{ED78FBAF-B68C-4650-BBD0-4496EABEDDD7}.Debug|Any CPU.Build.0 = Debug|Any CPU
		{ED78FBAF-B68C-4650-BBD0-4496EABEDDD7}.Release|Any CPU.ActiveCfg = Release|Any CPU
		{ED78FBAF-B68C-4650-BBD0-4496EABEDDD7}.Release|Any CPU.Build.0 = Release|Any CPU
		{202222FB-33C1-4849-A064-16CB9014F890}.Debug|Any CPU.ActiveCfg = Debug|Any CPU
		{202222FB-33C1-4849-A064-16CB9014F890}.Debug|Any CPU.Build.0 = Debug|Any CPU
		{202222FB-33C1-4849-A064-16CB9014F890}.Release|Any CPU.ActiveCfg = Release|Any CPU
		{202222FB-33C1-4849-A064-16CB9014F890}.Release|Any CPU.Build.0 = Release|Any CPU
	EndGlobalSection
	GlobalSection(SolutionProperties) = preSolution
		HideSolutionNode = FALSE
	EndGlobalSection
	GlobalSection(ExtensibilityGlobals) = postSolution
		SolutionGuid = {EEECA56F-E568-49B1-A946-90EEB3E05479}
	EndGlobalSection
EndGlobal
