
Microsoft Visual Studio Solution File, Format Version 12.00
# Visual Studio Version 17
VisualStudioVersion = 17.7.34031.279
MinimumVisualStudioVersion = 10.0.40219.1
Project("{FAE04EC0-301F-11D3-BF4B-00C04F79EFBC}") = "Problem2", "Problem2\Problem2.csproj", "{F40AF0AF-303E-4E50-BE56-8F6C389C83FB}"
EndProject
Project("{9A19103F-16F7-4668-BE54-9A1E7A4F7556}") = "CalculatorSample", "..\..\..\Desktop\sp\ds\CalculatorSample\CalculatorSample.csproj", "{7069A412-B5BE-4F90-969E-222CA482F4C0}"
EndProject
Project("{9A19103F-16F7-4668-BE54-9A1E7A4F7556}") = "DeckOfCards", "..\..\..\Desktop\sp\ds\DeckOfCards\DeckOfCards.csproj", "{4C346C72-D39A-4888-85F6-D630ECA37B17}"
EndProject
Global
	GlobalSection(SolutionConfigurationPlatforms) = preSolution
		Debug|Any CPU = Debug|Any CPU
		Release|Any CPU = Release|Any CPU
	EndGlobalSection
	GlobalSection(ProjectConfigurationPlatforms) = postSolution
		{F40AF0AF-303E-4E50-BE56-8F6C389C83FB}.Debug|Any CPU.ActiveCfg = Debug|Any CPU
		{F40AF0AF-303E-4E50-BE56-8F6C389C83FB}.Debug|Any CPU.Build.0 = Debug|Any CPU
		{F40AF0AF-303E-4E50-BE56-8F6C389C83FB}.Release|Any CPU.ActiveCfg = Release|Any CPU
		{F40AF0AF-303E-4E50-BE56-8F6C389C83FB}.Release|Any CPU.Build.0 = Release|Any CPU
		{7069A412-B5BE-4F90-969E-222CA482F4C0}.Debug|Any CPU.ActiveCfg = Debug|Any CPU
		{7069A412-B5BE-4F90-969E-222CA482F4C0}.Debug|Any CPU.Build.0 = Debug|Any CPU
		{7069A412-B5BE-4F90-969E-222CA482F4C0}.Release|Any CPU.ActiveCfg = Release|Any CPU
		{7069A412-B5BE-4F90-969E-222CA482F4C0}.Release|Any CPU.Build.0 = Release|Any CPU
		{4C346C72-D39A-4888-85F6-D630ECA37B17}.Debug|Any CPU.ActiveCfg = Debug|Any CPU
		{4C346C72-D39A-4888-85F6-D630ECA37B17}.Debug|Any CPU.Build.0 = Debug|Any CPU
		{4C346C72-D39A-4888-85F6-D630ECA37B17}.Release|Any CPU.ActiveCfg = Release|Any CPU
		{4C346C72-D39A-4888-85F6-D630ECA37B17}.Release|Any CPU.Build.0 = Release|Any CPU
	EndGlobalSection
	GlobalSection(SolutionProperties) = preSolution
		HideSolutionNode = FALSE
	EndGlobalSection
	GlobalSection(ExtensibilityGlobals) = postSolution
		SolutionGuid = {4169998F-BF80-4ABC-8FBA-3809532F736F}
	EndGlobalSection
EndGlobal
