
Microsoft Visual Studio Solution File, Format Version 12.00
# Visual Studio Version 17
VisualStudioVersion = 17.7.34202.233
MinimumVisualStudioVersion = 10.0.40219.1
Project("{FAE04EC0-301F-11D3-BF4B-00C04F79EFBC}") = "Homework5", "Homework5\Homework5.csproj", "{8DD5AC95-DEB6-4BA6-BF1E-FE24CC4002CB}"
EndProject
Global
	GlobalSection(SolutionConfigurationPlatforms) = preSolution
		Debug|Any CPU = Debug|Any CPU
		Release|Any CPU = Release|Any CPU
	EndGlobalSection
	GlobalSection(ProjectConfigurationPlatforms) = postSolution
		{8DD5AC95-DEB6-4BA6-BF1E-FE24CC4002CB}.Debug|Any CPU.ActiveCfg = Debug|Any CPU
		{8DD5AC95-DEB6-4BA6-BF1E-FE24CC4002CB}.Debug|Any CPU.Build.0 = Debug|Any CPU
		{8DD5AC95-DEB6-4BA6-BF1E-FE24CC4002CB}.Release|Any CPU.ActiveCfg = Release|Any CPU
		{8DD5AC95-DEB6-4BA6-BF1E-FE24CC4002CB}.Release|Any CPU.Build.0 = Release|Any CPU
	EndGlobalSection
	GlobalSection(SolutionProperties) = preSolution
		HideSolutionNode = FALSE
	EndGlobalSection
	GlobalSection(ExtensibilityGlobals) = postSolution
		SolutionGuid = {4575D9A5-4600-4D85-8FE5-00B64755014B}
	EndGlobalSection
EndGlobal
